{
  "nodes": {
    "flake-compat": {
      "flake": false,
      "locked": {
        "lastModified": 1777699697,
        "narHash": "sha256-Eg9b/rq/ECYwNwEXs5i9wHyhxNI0JrYx2srdI2uZMaQ=",
        "ref": "refs/heads/main",
        "rev": "382052b74656a369c5408822af3f2501e9b1af81",
        "revCount": 94,
        "type": "git",
        "url": "https://git.lix.systems/lix-project/flake-compat.git"
      },
      "original": {
        "type": "git",
        "url": "https://git.lix.systems/lix-project/flake-compat.git"
      }
    },
    "flake-parts": {
      "inputs": {
        "nixpkgs-lib": "nixpkgs-lib"
      },
      "locked": {
        "lastModified": 1788450739,
        "narHash": "sha256-glZLQlzIn1fXH6PazR2iUmTo7kzzyYSshrWhLS9TqCU=",
        "owner": "hercules-ci",
        "repo": "flake-parts",
        "rev": "31729ca8cbdb4fa927b34e5f4353e6a83f39e993",
        "type": "github"
      },
      "original": {
        "owner": "hercules-ci",
        "repo": "flake-parts",
        "type": "github"
      }
    },
    "home-manager": {
      "inputs": {
        "nixpkgs": [
          "zen-browser",
          "nixpkgs"
        ]
      },
      "locked": {
        "lastModified": 1788229478,
        "narHash": "sha256-G0F2rFORVcFkEvVdE/qWQTnYekIc77YP5/vRF9nZlxU=",
        "owner": "nix-community",
        "repo": "home-manager",
        "rev": "1dc2d1f720ab17fc7981e087346bf54b26d284b1",
        "type": "github"
      },
      "original": {
        "owner": "nix-community",
        "repo": "home-manager",
        "type": "github"
      }
    },
    "import-tree": {
      "locked": {
        "lastModified": 1788467110,
        "narHash": "sha256-ljEMTXP/rH0tOvDzc9gzwww6KcHRPRnEHzd9lK48V7s=",
        "owner": "vic",
        "repo": "import-tree",
        "rev": "eb1b52eaecc57f7c136d07ae8a93e724dfecac46",
        "type": "github"
      },
      "original": {
        "owner": "vic",
        "repo": "import-tree",
        "type": "github"
      }
    },
    "mkdocs-catppuccin": {
      "flake": false,
      "locked": {
        "lastModified": 1767028711,
        "narHash": "sha256-YVIZAtQT2B4Xs2sBaszvyyukm+1klCJdRpsc/BYV1gw=",
        "owner": "ruslanlap",
        "repo": "mkdocs-catppuccin",
        "rev": "fd8ac6106b5b6d32922cd80cbc3d221622a17408",
        "type": "github"
      },
      "original": {
        "owner": "ruslanlap",
        "repo": "mkdocs-catppuccin",
        "type": "github"
      }
    },
    "mnw": {
      "locked": {
        "lastModified": 1780772958,
        "narHash": "sha256-VKKe8r4pwCGWZ3Yr9CPN129R4S3CKLSrlYqdYz3vKpM=",
        "owner": "Gerg-L",
        "repo": "mnw",
        "rev": "0871dbf63a53610c95db04439ed8ea4d6ec9c160",
        "type": "github"
      },
      "original": {
        "owner": "Gerg-L",
        "repo": "mnw",
        "type": "github"
      }
    },
    "monique": {
      "inputs": {
        "nixpkgs": "nixpkgs"
      },
      "locked": {
        "lastModified": 1785953170,
        "narHash": "sha256-zP5KlfgbWR2GuqO8+hRToiv2g/27fTko/OiKIaQ3wBs=",
        "owner": "ToRvaLDZ",
        "repo": "monique",
        "rev": "c0aec028692b8c35a4ed1cfa3bead9f139133d0a",
        "type": "github"
      },
      "original": {
        "owner": "ToRvaLDZ",
        "repo": "monique",
        "type": "github"
      }
    },
    "nixflix": {
      "inputs": {
        "mkdocs-catppuccin": "mkdocs-catppuccin",
        "nixpkgs": [
          "nixpkgs"
        ],
        "treefmt-nix": "treefmt-nix",
        "vpn-confinement": "vpn-confinement"
      },
      "locked": {
        "lastModified": 1788906916,
        "narHash": "sha256-vvBlNrjA+8mURT780d371/8mulHk5AMg9P8FF2fhYeg=",
        "owner": "kiriwalawren",
        "repo": "nixflix",
        "rev": "76387136acd1ad1e9c73c5535bd22d62e6ab5f5e",
        "type": "github"
      },
      "original": {
        "owner": "kiriwalawren",
        "repo": "nixflix",
        "type": "github"
      }
    },
    "nixpkgs": {
      "locked": {
        "lastModified": 1783224372,
        "narHash": "sha256-FGQ8TfSm9WviNE/fQAWsKs+y4GkX8fU4EScewpw54Y8=",
        "rev": "d407951447dcd00442e97087bf374aad70c04cea",
        "type": "tarball",
        "url": "https://releases.nixos.org/nixos/unstable/nixos-26.11pre1027867.d407951447dc/nixexprs.tar.xz"
      },
      "original": {
        "type": "tarball",
        "url": "https://channels.nixos.org/nixos-unstable/nixexprs.tar.xz"
      }
    },
    "nixpkgs-lib": {
      "locked": {
        "lastModified": 1788057806,
        "narHash": "sha256-DTQSMxzDWmT0zhguthvegnVkn7CFqGCv4IHCzk5ZUpM=",
        "owner": "nix-community",
        "repo": "nixpkgs.lib",
        "rev": "596e2e3940e09b2abbeb03f75fa1828c57fcd72c",
        "type": "github"
      },
      "original": {
        "owner": "nix-community",
        "repo": "nixpkgs.lib",
        "type": "github"
      }
    },
    "nixpkgs_2": {
      "locked": {
        "lastModified": 1788531059,
        "narHash": "sha256-hLD4l3QOGBQhkVp3mQ2lJ/YbEi99qUgKapb40KovZ88=",
        "owner": "nixos",
        "repo": "nixpkgs",
        "rev": "801bef6abd86b91e51083066b83fb354a11fc640",
        "type": "github"
      },
      "original": {
        "owner": "nixos",
        "ref": "nixos-unstable",
        "repo": "nixpkgs",
        "type": "github"
      }
    },
    "nixpkgs_3": {
      "locked": {
        "lastModified": 1786719841,
        "narHash": "sha256-QcpQOT0NQEFkI77t+YXPZqDJc35iIodG7zinieOwFUg=",
        "owner": "NixOS",
        "repo": "nixpkgs",
        "rev": "8be7bd0c83f12e2e3bbba07c9044d6fed9e66f7f",
        "type": "github"
      },
      "original": {
        "owner": "NixOS",
        "ref": "nixpkgs-unstable",
        "repo": "nixpkgs",
        "type": "github"
      }
    },
    "nvf": {
      "inputs": {
        "flake-compat": "flake-compat",
        "mnw": "mnw",
        "nixpkgs": [
          "nixpkgs"
        ]
      },
      "locked": {
        "lastModified": 1788494938,
        "narHash": "sha256-ozY1uUiOLXt3KLpUQwu8Y1DG+lKa53Gke7NW9gvUu3I=",
        "owner": "NotASHelf",
        "repo": "nvf",
        "rev": "5e4f212f8720c17fdd06f5c57591f251aff67453",
        "type": "github"
      },
      "original": {
        "owner": "NotASHelf",
        "repo": "nvf",
        "type": "github"
      }
    },
    "root": {
      "inputs": {
        "flake-parts": "flake-parts",
        "import-tree": "import-tree",
        "monique": "monique",
        "nixflix": "nixflix",
        "nixpkgs": "nixpkgs_2",
        "nvf": "nvf",
        "wrapper-modules": "wrapper-modules",
        "zen-browser": "zen-browser"
      }
    },
    "treefmt-nix": {
      "inputs": {
        "nixpkgs": [
          "nixflix",
          "nixpkgs"
        ]
      },
      "locked": {
        "lastModified": 1786901030,
        "narHash": "sha256-WSFCsDSE5ffgD2MqzkM2CYjeFiKhRF/dJUN8uedb6YE=",
        "owner": "numtide",
        "repo": "treefmt-nix",
        "rev": "27b3b12a8e6375f28ebe122f07d230ca5459bbfa",
        "type": "github"
      },
      "original": {
        "owner": "numtide",
        "repo": "treefmt-nix",
        "type": "github"
      }
    },
    "vpn-confinement": {
      "locked": {
        "lastModified": 1788035501,
        "narHash": "sha256-3Xs9lCMwjvFURU7/fPEGDR5kCKvcdX2l5Fah1nZoaGQ=",
        "owner": "Maroka-chan",
        "repo": "VPN-Confinement",
        "rev": "ce8949125b698406810ea71a8bd7b567d9a0b09f",
        "type": "github"
      },
      "original": {
        "owner": "Maroka-chan",
        "repo": "VPN-Confinement",
        "type": "github"
      }
    },
    "wrapper-modules": {
      "inputs": {
        "nixpkgs": "nixpkgs_3"
      },
      "locked": {
        "lastModified": 1788526809,
        "narHash": "sha256-UGuKd7N4nMYKk0GVTycNC8iVGTpu1D8ldCNRMxu2EOI=",
        "owner": "jonas-elhs",
        "repo": "nix-wrapper-modules",
        "rev": "94794a07e384edb6ee4506be4d8a731d73c8eafc",
        "type": "github"
      },
      "original": {
        "owner": "jonas-elhs",
        "ref": "push-kpmnkpssnozs",
        "repo": "nix-wrapper-modules",
        "type": "github"
      }
    },
    "zen-browser": {
      "inputs": {
        "home-manager": "home-manager",
        "nixpkgs": [
          "nixpkgs"
        ]
      },
      "locked": {
        "lastModified": 1789133576,
        "narHash": "sha256-wJJGLMs78PDdbdXd0f50vq7s+xpKOuAUMZPsyDgXyew=",
        "owner": "0xc000022070",
        "repo": "zen-browser-flake",
        "rev": "975870eb40a0cb6dc1baf6d63a704f9cfd5d4f27",
        "type": "github"
      },
      "original": {
        "owner": "0xc000022070",
        "repo": "zen-browser-flake",
        "type": "github"
      }
    }
  },
  "root": "root",
  "version": 7
}
